
Microsoft Visual Studio Solution File, Format Version 12.00
# Visual Studio Version 16
VisualStudioVersion = 16.0.29215.179
MinimumVisualStudioVersion = 10.0.40219.1
Project("{9A19103F-16F7-4668-BE54-9A1E7A4F7556}") = "001_ArraysAndStrings", "001_ArraysAndStrings\001_ArraysAndStrings.csproj", "{926FBCD1-3FC5-40AA-9C96-6D80559F511A}"
EndProject
Project("{9A19103F-16F7-4668-BE54-9A1E7A4F7556}") = "001_ArraysAndStringsTest", "001_ArraysAndStringsTest\001_ArraysAndStringsTest.csproj", "{2BBDDFA5-9F4B-48F4-86F8-697CF375AAAA}"
EndProject
Project("{9A19103F-16F7-4668-BE54-9A1E7A4F7556}") = "002_LinkedLists", "002_LinkedLists\002_LinkedLists.csproj", "{75A1334C-B0E4-4C78-A68A-7EC12133EE91}"
EndProject
Project("{9A19103F-16F7-4668-BE54-9A1E7A4F7556}") = "002_LinkedListsTest", "002_LinkedListsTest\002_LinkedListsTest.csproj", "{DE9092FF-0855-4F66-9F7B-B31BAF053E7C}"
EndProject
Project("{FAE04EC0-301F-11D3-BF4B-00C04F79EFBC}") = "003_StacksAndQueues", "003_StacksAndQueues\003_StacksAndQueues.csproj", "{E3F6659E-5046-41B3-9E59-A1E8A48B80A7}"
EndProject
Project("{FAE04EC0-301F-11D3-BF4B-00C04F79EFBC}") = "003_StacksAndQueuesTest", "003_StacksAndQueuesTest\003_StacksAndQueuesTest.csproj", "{F8F92CE4-D616-4B48-99C6-E5F4C23FBB0D}"
EndProject
Global
	GlobalSection(SolutionConfigurationPlatforms) = preSolution
		Debug|Any CPU = Debug|Any CPU
		Release|Any CPU = Release|Any CPU
	EndGlobalSection
	GlobalSection(ProjectConfigurationPlatforms) = postSolution
		{926FBCD1-3FC5-40AA-9C96-6D80559F511A}.Debug|Any CPU.ActiveCfg = Debug|Any CPU
		{926FBCD1-3FC5-40AA-9C96-6D80559F511A}.Debug|Any CPU.Build.0 = Debug|Any CPU
		{926FBCD1-3FC5-40AA-9C96-6D80559F511A}.Release|Any CPU.ActiveCfg = Release|Any CPU
		{926FBCD1-3FC5-40AA-9C96-6D80559F511A}.Release|Any CPU.Build.0 = Release|Any CPU
		{2BBDDFA5-9F4B-48F4-86F8-697CF375AAAA}.Debug|Any CPU.ActiveCfg = Debug|Any CPU
		{2BBDDFA5-9F4B-48F4-86F8-697CF375AAAA}.Debug|Any CPU.Build.0 = Debug|Any CPU
		{2BBDDFA5-9F4B-48F4-86F8-697CF375AAAA}.Release|Any CPU.ActiveCfg = Release|Any CPU
		{2BBDDFA5-9F4B-48F4-86F8-697CF375AAAA}.Release|Any CPU.Build.0 = Release|Any CPU
		{75A1334C-B0E4-4C78-A68A-7EC12133EE91}.Debug|Any CPU.ActiveCfg = Debug|Any CPU
		{75A1334C-B0E4-4C78-A68A-7EC12133EE91}.Debug|Any CPU.Build.0 = Debug|Any CPU
		{75A1334C-B0E4-4C78-A68A-7EC12133EE91}.Release|Any CPU.ActiveCfg = Release|Any CPU
		{75A1334C-B0E4-4C78-A68A-7EC12133EE91}.Release|Any CPU.Build.0 = Release|Any CPU
		{DE9092FF-0855-4F66-9F7B-B31BAF053E7C}.Debug|Any CPU.ActiveCfg = Debug|Any CPU
		{DE9092FF-0855-4F66-9F7B-B31BAF053E7C}.Debug|Any CPU.Build.0 = Debug|Any CPU
		{DE9092FF-0855-4F66-9F7B-B31BAF053E7C}.Release|Any CPU.ActiveCfg = Release|Any CPU
		{DE9092FF-0855-4F66-9F7B-B31BAF053E7C}.Release|Any CPU.Build.0 = Release|Any CPU
		{E3F6659E-5046-41B3-9E59-A1E8A48B80A7}.Debug|Any CPU.ActiveCfg = Debug|Any CPU
		{E3F6659E-5046-41B3-9E59-A1E8A48B80A7}.Debug|Any CPU.Build.0 = Debug|Any CPU
		{E3F6659E-5046-41B3-9E59-A1E8A48B80A7}.Release|Any CPU.ActiveCfg = Release|Any CPU
		{E3F6659E-5046-41B3-9E59-A1E8A48B80A7}.Release|Any CPU.Build.0 = Release|Any CPU
		{F8F92CE4-D616-4B48-99C6-E5F4C23FBB0D}.Debug|Any CPU.ActiveCfg = Debug|Any CPU
		{F8F92CE4-D616-4B48-99C6-E5F4C23FBB0D}.Debug|Any CPU.Build.0 = Debug|Any CPU
		{F8F92CE4-D616-4B48-99C6-E5F4C23FBB0D}.Release|Any CPU.ActiveCfg = Release|Any CPU
		{F8F92CE4-D616-4B48-99C6-E5F4C23FBB0D}.Release|Any CPU.Build.0 = Release|Any CPU
	EndGlobalSection
	GlobalSection(SolutionProperties) = preSolution
		HideSolutionNode = FALSE
	EndGlobalSection
	GlobalSection(ExtensibilityGlobals) = postSolution
		SolutionGuid = {FEEB70FF-AE7C-490C-9D8B-4DA32CC71702}
	EndGlobalSection
EndGlobal
