
Microsoft Visual Studio Solution File, Format Version 12.00
# Visual Studio Version 16
VisualStudioVersion = 16.0.29215.179
MinimumVisualStudioVersion = 10.0.40219.1
Project("{9A19103F-16F7-4668-BE54-9A1E7A4F7556}") = "001_ArraysAndStrings", "001_ArraysAndStrings\001_ArraysAndStrings.csproj", "{926FBCD1-3FC5-40AA-9C96-6D80559F511A}"
EndProject
Project("{9A19103F-16F7-4668-BE54-9A1E7A4F7556}") = "001_ArraysAndStringsTest", "001_ArraysAndStringsTest\001_ArraysAndStringsTest.csproj", "{2BBDDFA5-9F4B-48F4-86F8-697CF375AAAA}"
EndProject
Project("{9A19103F-16F7-4668-BE54-9A1E7A4F7556}") = "002_LinkedLists", "002_LinkedLists\002_LinkedLists.csproj", "{75A1334C-B0E4-4C78-A68A-7EC12133EE91}"
EndProject
Project("{9A19103F-16F7-4668-BE54-9A1E7A4F7556}") = "002_LinkedListsTest", "002_LinkedListsTest\002_LinkedListsTest.csproj", "{DE9092FF-0855-4F66-9F7B-B31BAF053E7C}"
EndProject
Project("{9A19103F-16F7-4668-BE54-9A1E7A4F7556}") = "003_StacksAndQueues", "003_StacksAndQueues\003_StacksAndQueues.csproj", "{E3F6659E-5046-41B3-9E59-A1E8A48B80A7}"
EndProject
Project("{9A19103F-16F7-4668-BE54-9A1E7A4F7556}") = "003_StacksAndQueuesTest", "003_StacksAndQueuesTest\003_StacksAndQueuesTest.csproj", "{F8F92CE4-D616-4B48-99C6-E5F4C23FBB0D}"
EndProject
Project("{9A19103F-16F7-4668-BE54-9A1E7A4F7556}") = "004_TreesAndGraphs", "004_TreesAndGraphs\004_TreesAndGraphs.csproj", "{2E2E7320-5FCE-40C8-92FC-8343E2B06412}"
EndProject
Project("{9A19103F-16F7-4668-BE54-9A1E7A4F7556}") = "004_TreesAndGraphsTest", "004_TreesAndGraphsTest\004_TreesAndGraphsTest.csproj", "{D5A75FF4-924D-4807-B9B2-0BDC53BBE126}"
EndProject
Project("{9A19103F-16F7-4668-BE54-9A1E7A4F7556}") = "005_BitManipulation", "005_BitManipulation\005_BitManipulation.csproj", "{AFEA7B4B-28ED-45BD-A693-5A5A9128FDFE}"
EndProject
Project("{9A19103F-16F7-4668-BE54-9A1E7A4F7556}") = "005_BitManipulationTest", "005_BitManipulationTest\005_BitManipulationTest.csproj", "{BAF14A8E-11AB-46AF-8522-5CBDF193BBD6}"
EndProject
Project("{FAE04EC0-301F-11D3-BF4B-00C04F79EFBC}") = "007_ObjectOrientedDesign", "007_ObjectOrientedDesign\007_ObjectOrientedDesign.csproj", "{D51E1199-3054-4852-B5AE-725F9771E755}"
EndProject
Project("{FAE04EC0-301F-11D3-BF4B-00C04F79EFBC}") = "007_ObjectOrientedDesignTest", "007_ObjectOrientedDesignTest\007_ObjectOrientedDesignTest.csproj", "{1F913F08-9F83-4AF0-B14B-27154D514C3E}"
EndProject
Project("{FAE04EC0-301F-11D3-BF4B-00C04F79EFBC}") = "008_RecursionAndDynamicProgramming", "008_RecursionAndDynamicProgramming\008_RecursionAndDynamicProgramming.csproj", "{1FE49F58-F168-45FA-9501-6F6B4E244936}"
EndProject
Project("{FAE04EC0-301F-11D3-BF4B-00C04F79EFBC}") = "008_RecursionAndDynamicProgrammingTest", "008_RecursionAndDynamicProgrammingTest\008_RecursionAndDynamicProgrammingTest.csproj", "{3502773F-53F4-46A3-90B2-B7BB0895BF12}"
EndProject
Global
	GlobalSection(SolutionConfigurationPlatforms) = preSolution
		Debug|Any CPU = Debug|Any CPU
		Release|Any CPU = Release|Any CPU
	EndGlobalSection
	GlobalSection(ProjectConfigurationPlatforms) = postSolution
		{926FBCD1-3FC5-40AA-9C96-6D80559F511A}.Debug|Any CPU.ActiveCfg = Debug|Any CPU
		{926FBCD1-3FC5-40AA-9C96-6D80559F511A}.Debug|Any CPU.Build.0 = Debug|Any CPU
		{926FBCD1-3FC5-40AA-9C96-6D80559F511A}.Release|Any CPU.ActiveCfg = Release|Any CPU
		{926FBCD1-3FC5-40AA-9C96-6D80559F511A}.Release|Any CPU.Build.0 = Release|Any CPU
		{2BBDDFA5-9F4B-48F4-86F8-697CF375AAAA}.Debug|Any CPU.ActiveCfg = Debug|Any CPU
		{2BBDDFA5-9F4B-48F4-86F8-697CF375AAAA}.Debug|Any CPU.Build.0 = Debug|Any CPU
		{2BBDDFA5-9F4B-48F4-86F8-697CF375AAAA}.Release|Any CPU.ActiveCfg = Release|Any CPU
		{2BBDDFA5-9F4B-48F4-86F8-697CF375AAAA}.Release|Any CPU.Build.0 = Release|Any CPU
		{75A1334C-B0E4-4C78-A68A-7EC12133EE91}.Debug|Any CPU.ActiveCfg = Debug|Any CPU
		{75A1334C-B0E4-4C78-A68A-7EC12133EE91}.Debug|Any CPU.Build.0 = Debug|Any CPU
		{75A1334C-B0E4-4C78-A68A-7EC12133EE91}.Release|Any CPU.ActiveCfg = Release|Any CPU
		{75A1334C-B0E4-4C78-A68A-7EC12133EE91}.Release|Any CPU.Build.0 = Release|Any CPU
		{DE9092FF-0855-4F66-9F7B-B31BAF053E7C}.Debug|Any CPU.ActiveCfg = Debug|Any CPU
		{DE9092FF-0855-4F66-9F7B-B31BAF053E7C}.Debug|Any CPU.Build.0 = Debug|Any CPU
		{DE9092FF-0855-4F66-9F7B-B31BAF053E7C}.Release|Any CPU.ActiveCfg = Release|Any CPU
		{DE9092FF-0855-4F66-9F7B-B31BAF053E7C}.Release|Any CPU.Build.0 = Release|Any CPU
		{E3F6659E-5046-41B3-9E59-A1E8A48B80A7}.Debug|Any CPU.ActiveCfg = Debug|Any CPU
		{E3F6659E-5046-41B3-9E59-A1E8A48B80A7}.Debug|Any CPU.Build.0 = Debug|Any CPU
		{E3F6659E-5046-41B3-9E59-A1E8A48B80A7}.Release|Any CPU.ActiveCfg = Release|Any CPU
		{E3F6659E-5046-41B3-9E59-A1E8A48B80A7}.Release|Any CPU.Build.0 = Release|Any CPU
		{F8F92CE4-D616-4B48-99C6-E5F4C23FBB0D}.Debug|Any CPU.ActiveCfg = Debug|Any CPU
		{F8F92CE4-D616-4B48-99C6-E5F4C23FBB0D}.Debug|Any CPU.Build.0 = Debug|Any CPU
		{F8F92CE4-D616-4B48-99C6-E5F4C23FBB0D}.Release|Any CPU.ActiveCfg = Release|Any CPU
		{F8F92CE4-D616-4B48-99C6-E5F4C23FBB0D}.Release|Any CPU.Build.0 = Release|Any CPU
		{2E2E7320-5FCE-40C8-92FC-8343E2B06412}.Debug|Any CPU.ActiveCfg = Debug|Any CPU
		{2E2E7320-5FCE-40C8-92FC-8343E2B06412}.Debug|Any CPU.Build.0 = Debug|Any CPU
		{2E2E7320-5FCE-40C8-92FC-8343E2B06412}.Release|Any CPU.ActiveCfg = Release|Any CPU
		{2E2E7320-5FCE-40C8-92FC-8343E2B06412}.Release|Any CPU.Build.0 = Release|Any CPU
		{D5A75FF4-924D-4807-B9B2-0BDC53BBE126}.Debug|Any CPU.ActiveCfg = Debug|Any CPU
		{D5A75FF4-924D-4807-B9B2-0BDC53BBE126}.Debug|Any CPU.Build.0 = Debug|Any CPU
		{D5A75FF4-924D-4807-B9B2-0BDC53BBE126}.Release|Any CPU.ActiveCfg = Release|Any CPU
		{D5A75FF4-924D-4807-B9B2-0BDC53BBE126}.Release|Any CPU.Build.0 = Release|Any CPU
		{AFEA7B4B-28ED-45BD-A693-5A5A9128FDFE}.Debug|Any CPU.ActiveCfg = Debug|Any CPU
		{AFEA7B4B-28ED-45BD-A693-5A5A9128FDFE}.Debug|Any CPU.Build.0 = Debug|Any CPU
		{AFEA7B4B-28ED-45BD-A693-5A5A9128FDFE}.Release|Any CPU.ActiveCfg = Release|Any CPU
		{AFEA7B4B-28ED-45BD-A693-5A5A9128FDFE}.Release|Any CPU.Build.0 = Release|Any CPU
		{BAF14A8E-11AB-46AF-8522-5CBDF193BBD6}.Debug|Any CPU.ActiveCfg = Debug|Any CPU
		{BAF14A8E-11AB-46AF-8522-5CBDF193BBD6}.Debug|Any CPU.Build.0 = Debug|Any CPU
		{BAF14A8E-11AB-46AF-8522-5CBDF193BBD6}.Release|Any CPU.ActiveCfg = Release|Any CPU
		{BAF14A8E-11AB-46AF-8522-5CBDF193BBD6}.Release|Any CPU.Build.0 = Release|Any CPU
		{D51E1199-3054-4852-B5AE-725F9771E755}.Debug|Any CPU.ActiveCfg = Debug|Any CPU
		{D51E1199-3054-4852-B5AE-725F9771E755}.Debug|Any CPU.Build.0 = Debug|Any CPU
		{D51E1199-3054-4852-B5AE-725F9771E755}.Release|Any CPU.ActiveCfg = Release|Any CPU
		{D51E1199-3054-4852-B5AE-725F9771E755}.Release|Any CPU.Build.0 = Release|Any CPU
		{1F913F08-9F83-4AF0-B14B-27154D514C3E}.Debug|Any CPU.ActiveCfg = Debug|Any CPU
		{1F913F08-9F83-4AF0-B14B-27154D514C3E}.Debug|Any CPU.Build.0 = Debug|Any CPU
		{1F913F08-9F83-4AF0-B14B-27154D514C3E}.Release|Any CPU.ActiveCfg = Release|Any CPU
		{1F913F08-9F83-4AF0-B14B-27154D514C3E}.Release|Any CPU.Build.0 = Release|Any CPU
		{1FE49F58-F168-45FA-9501-6F6B4E244936}.Debug|Any CPU.ActiveCfg = Debug|Any CPU
		{1FE49F58-F168-45FA-9501-6F6B4E244936}.Debug|Any CPU.Build.0 = Debug|Any CPU
		{1FE49F58-F168-45FA-9501-6F6B4E244936}.Release|Any CPU.ActiveCfg = Release|Any CPU
		{1FE49F58-F168-45FA-9501-6F6B4E244936}.Release|Any CPU.Build.0 = Release|Any CPU
		{3502773F-53F4-46A3-90B2-B7BB0895BF12}.Debug|Any CPU.ActiveCfg = Debug|Any CPU
		{3502773F-53F4-46A3-90B2-B7BB0895BF12}.Debug|Any CPU.Build.0 = Debug|Any CPU
		{3502773F-53F4-46A3-90B2-B7BB0895BF12}.Release|Any CPU.ActiveCfg = Release|Any CPU
		{3502773F-53F4-46A3-90B2-B7BB0895BF12}.Release|Any CPU.Build.0 = Release|Any CPU
	EndGlobalSection
	GlobalSection(SolutionProperties) = preSolution
		HideSolutionNode = FALSE
	EndGlobalSection
	GlobalSection(ExtensibilityGlobals) = postSolution
		SolutionGuid = {FEEB70FF-AE7C-490C-9D8B-4DA32CC71702}
	EndGlobalSection
EndGlobal
